// !$*UTF8*$!
{
	archiveVersion = 1;
	classes = {
	};
	objectVersion = 46;
	objects = {

/* Begin PBXAggregateTarget section */
		9928C0A216B93A0800661BDA /* Framework */ = {
			isa = PBXAggregateTarget;
			buildConfigurationList = 9928C0A316B93A0800661BDA /* Build configuration list for PBXAggregateTarget "Framework" */;
			buildPhases = (
				9928C0A816B93A3000661BDA /* Build Framework Script */,
			);
			dependencies = (
				9928C0A716B93A1300661BDA /* PBXTargetDependency */,
			);
			name = Framework;
			productName = Framework;
		};
/* End PBXAggregateTarget section */

/* Begin PBXBuildFile section */
		9928C04816B9319600661BDA /* Foundation.framework in Frameworks */ = {isa = PBXBuildFile; fileRef = 9928C04716B9319600661BDA /* Foundation.framework */; };
		9928C04D16B9319600661BDA /* iSugar.h in CopyFiles */ = {isa = PBXBuildFile; fileRef = 9928C04C16B9319600661BDA /* iSugar.h */; };
		9928C05716B9319600661BDA /* SenTestingKit.framework in Frameworks */ = {isa = PBXBuildFile; fileRef = 9928C05616B9319600661BDA /* SenTestingKit.framework */; };
		9928C05916B9319600661BDA /* UIKit.framework in Frameworks */ = {isa = PBXBuildFile; fileRef = 9928C05816B9319600661BDA /* UIKit.framework */; };
		9928C05A16B9319600661BDA /* Foundation.framework in Frameworks */ = {isa = PBXBuildFile; fileRef = 9928C04716B9319600661BDA /* Foundation.framework */; };
		9928C05D16B9319600661BDA /* libiSugar.a in Frameworks */ = {isa = PBXBuildFile; fileRef = 9928C04416B9319600661BDA /* libiSugar.a */; };
		9928C06316B9319600661BDA /* InfoPlist.strings in Resources */ = {isa = PBXBuildFile; fileRef = 9928C06116B9319600661BDA /* InfoPlist.strings */; };
		9928C06616B9319600661BDA /* iSugarTests.m in Sources */ = {isa = PBXBuildFile; fileRef = 9928C06516B9319600661BDA /* iSugarTests.m */; };
		9928C07716B931DB00661BDA /* UIKit.framework in Frameworks */ = {isa = PBXBuildFile; fileRef = 9928C05816B9319600661BDA /* UIKit.framework */; };
		9928C07816B931DB00661BDA /* Foundation.framework in Frameworks */ = {isa = PBXBuildFile; fileRef = 9928C04716B9319600661BDA /* Foundation.framework */; };
		9928C07A16B931DB00661BDA /* CoreGraphics.framework in Frameworks */ = {isa = PBXBuildFile; fileRef = 9928C07916B931DB00661BDA /* CoreGraphics.framework */; };
		9928C08016B931DB00661BDA /* InfoPlist.strings in Resources */ = {isa = PBXBuildFile; fileRef = 9928C07E16B931DB00661BDA /* InfoPlist.strings */; };
		9928C08216B931DB00661BDA /* main.m in Sources */ = {isa = PBXBuildFile; fileRef = 9928C08116B931DB00661BDA /* main.m */; };
		9928C08616B931DB00661BDA /* AppDelegate.m in Sources */ = {isa = PBXBuildFile; fileRef = 9928C08516B931DB00661BDA /* AppDelegate.m */; };
		9928C08816B931DB00661BDA /* Default.png in Resources */ = {isa = PBXBuildFile; fileRef = 9928C08716B931DB00661BDA /* Default.png */; };
		9928C08A16B931DB00661BDA /* Default@2x.png in Resources */ = {isa = PBXBuildFile; fileRef = 9928C08916B931DB00661BDA /* Default@2x.png */; };
		9928C08C16B931DC00661BDA /* Default-568h@2x.png in Resources */ = {isa = PBXBuildFile; fileRef = 9928C08B16B931DC00661BDA /* Default-568h@2x.png */; };
		9928C08F16B931DC00661BDA /* MainStoryboard_iPhone.storyboard in Resources */ = {isa = PBXBuildFile; fileRef = 9928C08D16B931DC00661BDA /* MainStoryboard_iPhone.storyboard */; };
		9928C09216B931DC00661BDA /* MainStoryboard_iPad.storyboard in Resources */ = {isa = PBXBuildFile; fileRef = 9928C09016B931DC00661BDA /* MainStoryboard_iPad.storyboard */; };
		9928C09B16B9347300661BDA /* UIAlertViewExampleController.m in Sources */ = {isa = PBXBuildFile; fileRef = 9928C09A16B9347300661BDA /* UIAlertViewExampleController.m */; };
		9928C09C16B9347F00661BDA /* libiSugar.a in Frameworks */ = {isa = PBXBuildFile; fileRef = 9928C04416B9319600661BDA /* libiSugar.a */; };
		9928C09F16B9369900661BDA /* UIAlertView+iSugar.m in Sources */ = {isa = PBXBuildFile; fileRef = 9928C07016B931AD00661BDA /* UIAlertView+iSugar.m */; };
		9928C0A016B938C200661BDA /* UIAlertView+iSugar.h in CopyFiles */ = {isa = PBXBuildFile; fileRef = 9928C06F16B931AD00661BDA /* UIAlertView+iSugar.h */; };
		9928C0AC16B9466900661BDA /* UIActionSheet+iSugar.m in Sources */ = {isa = PBXBuildFile; fileRef = 9928C0AB16B9466900661BDA /* UIActionSheet+iSugar.m */; };
		9928C0AD16B9467300661BDA /* UIActionSheet+iSugar.h in CopyFiles */ = {isa = PBXBuildFile; fileRef = 9928C0AA16B9466900661BDA /* UIActionSheet+iSugar.h */; };
		9928C0B016B946B300661BDA /* UIActionSheetExampleController.m in Sources */ = {isa = PBXBuildFile; fileRef = 9928C0AF16B946B300661BDA /* UIActionSheetExampleController.m */; };
/* End PBXBuildFile section */

/* Begin PBXContainerItemProxy section */
		9928C05B16B9319600661BDA /* PBXContainerItemProxy */ = {
			isa = PBXContainerItemProxy;
			containerPortal = 9928C03C16B9319600661BDA /* Project object */;
			proxyType = 1;
			remoteGlobalIDString = 9928C04316B9319600661BDA;
			remoteInfo = iSugar;
		};
		9928C09D16B9367D00661BDA /* PBXContainerItemProxy */ = {
			isa = PBXContainerItemProxy;
			containerPortal = 9928C03C16B9319600661BDA /* Project object */;
			proxyType = 1;
			remoteGlobalIDString = 9928C04316B9319600661BDA;
			remoteInfo = iSugar;
		};
		9928C0A616B93A1300661BDA /* PBXContainerItemProxy */ = {
			isa = PBXContainerItemProxy;
			containerPortal = 9928C03C16B9319600661BDA /* Project object */;
			proxyType = 1;
			remoteGlobalIDString = 9928C04316B9319600661BDA;
			remoteInfo = iSugar;
		};
/* End PBXContainerItemProxy section */

/* Begin PBXCopyFilesBuildPhase section */
		9928C04216B9319600661BDA /* CopyFiles */ = {
			isa = PBXCopyFilesBuildPhase;
			buildActionMask = 2147483647;
			dstPath = "include/${PRODUCT_NAME}";
			dstSubfolderSpec = 16;
			files = (
				9928C04D16B9319600661BDA /* iSugar.h in CopyFiles */,
				9928C0A016B938C200661BDA /* UIAlertView+iSugar.h in CopyFiles */,
				9928C0AD16B9467300661BDA /* UIActionSheet+iSugar.h in CopyFiles */,
			);
			runOnlyForDeploymentPostprocessing = 0;
		};
/* End PBXCopyFilesBuildPhase section */

/* Begin PBXFileReference section */
		9928C04416B9319600661BDA /* libiSugar.a */ = {isa = PBXFileReference; explicitFileType = archive.ar; includeInIndex = 0; path = libiSugar.a; sourceTree = BUILT_PRODUCTS_DIR; };
		9928C04716B9319600661BDA /* Foundation.framework */ = {isa = PBXFileReference; lastKnownFileType = wrapper.framework; name = Foundation.framework; path = System/Library/Frameworks/Foundation.framework; sourceTree = SDKROOT; };
		9928C04B16B9319600661BDA /* iSugar-Prefix.pch */ = {isa = PBXFileReference; lastKnownFileType = sourcecode.c.h; path = "iSugar-Prefix.pch"; sourceTree = "<group>"; };
		9928C04C16B9319600661BDA /* iSugar.h */ = {isa = PBXFileReference; lastKnownFileType = sourcecode.c.h; path = iSugar.h; sourceTree = "<group>"; };
		9928C05516B9319600661BDA /* iSugarTests.octest */ = {isa = PBXFileReference; explicitFileType = wrapper.cfbundle; includeInIndex = 0; path = iSugarTests.octest; sourceTree = BUILT_PRODUCTS_DIR; };
		9928C05616B9319600661BDA /* SenTestingKit.framework */ = {isa = PBXFileReference; lastKnownFileType = wrapper.framework; name = SenTestingKit.framework; path = Library/Frameworks/SenTestingKit.framework; sourceTree = DEVELOPER_DIR; };
		9928C05816B9319600661BDA /* UIKit.framework */ = {isa = PBXFileReference; lastKnownFileType = wrapper.framework; name = UIKit.framework; path = Library/Frameworks/UIKit.framework; sourceTree = DEVELOPER_DIR; };
		9928C06016B9319600661BDA /* iSugarTests-Info.plist */ = {isa = PBXFileReference; lastKnownFileType = text.plist.xml; path = "iSugarTests-Info.plist"; sourceTree = "<group>"; };
		9928C06216B9319600661BDA /* en */ = {isa = PBXFileReference; lastKnownFileType = text.plist.strings; name = en; path = en.lproj/InfoPlist.strings; sourceTree = "<group>"; };
		9928C06416B9319600661BDA /* iSugarTests.h */ = {isa = PBXFileReference; lastKnownFileType = sourcecode.c.h; path = iSugarTests.h; sourceTree = "<group>"; };
		9928C06516B9319600661BDA /* iSugarTests.m */ = {isa = PBXFileReference; lastKnownFileType = sourcecode.c.objc; path = iSugarTests.m; sourceTree = "<group>"; };
		9928C06F16B931AD00661BDA /* UIAlertView+iSugar.h */ = {isa = PBXFileReference; fileEncoding = 4; lastKnownFileType = sourcecode.c.h; path = "UIAlertView+iSugar.h"; sourceTree = "<group>"; };
		9928C07016B931AD00661BDA /* UIAlertView+iSugar.m */ = {isa = PBXFileReference; fileEncoding = 4; lastKnownFileType = sourcecode.c.objc; path = "UIAlertView+iSugar.m"; sourceTree = "<group>"; };
		9928C07616B931DB00661BDA /* iSugarExamples.app */ = {isa = PBXFileReference; explicitFileType = wrapper.application; includeInIndex = 0; path = iSugarExamples.app; sourceTree = BUILT_PRODUCTS_DIR; };
		9928C07916B931DB00661BDA /* CoreGraphics.framework */ = {isa = PBXFileReference; lastKnownFileType = wrapper.framework; name = CoreGraphics.framework; path = System/Library/Frameworks/CoreGraphics.framework; sourceTree = SDKROOT; };
		9928C07D16B931DB00661BDA /* iSugarExamples-Info.plist */ = {isa = PBXFileReference; lastKnownFileType = text.plist.xml; path = "iSugarExamples-Info.plist"; sourceTree = "<group>"; };
		9928C07F16B931DB00661BDA /* en */ = {isa = PBXFileReference; lastKnownFileType = text.plist.strings; name = en; path = en.lproj/InfoPlist.strings; sourceTree = "<group>"; };
		9928C08116B931DB00661BDA /* main.m */ = {isa = PBXFileReference; lastKnownFileType = sourcecode.c.objc; path = main.m; sourceTree = "<group>"; };
		9928C08316B931DB00661BDA /* iSugarExamples-Prefix.pch */ = {isa = PBXFileReference; lastKnownFileType = sourcecode.c.h; path = "iSugarExamples-Prefix.pch"; sourceTree = "<group>"; };
		9928C08416B931DB00661BDA /* AppDelegate.h */ = {isa = PBXFileReference; lastKnownFileType = sourcecode.c.h; path = AppDelegate.h; sourceTree = "<group>"; };
		9928C08516B931DB00661BDA /* AppDelegate.m */ = {isa = PBXFileReference; lastKnownFileType = sourcecode.c.objc; path = AppDelegate.m; sourceTree = "<group>"; };
		9928C08716B931DB00661BDA /* Default.png */ = {isa = PBXFileReference; lastKnownFileType = image.png; path = Default.png; sourceTree = "<group>"; };
		9928C08916B931DB00661BDA /* Default@2x.png */ = {isa = PBXFileReference; lastKnownFileType = image.png; path = "Default@2x.png"; sourceTree = "<group>"; };
		9928C08B16B931DC00661BDA /* Default-568h@2x.png */ = {isa = PBXFileReference; lastKnownFileType = image.png; path = "Default-568h@2x.png"; sourceTree = "<group>"; };
		9928C08E16B931DC00661BDA /* en */ = {isa = PBXFileReference; lastKnownFileType = file.storyboard; name = en; path = en.lproj/MainStoryboard_iPhone.storyboard; sourceTree = "<group>"; };
		9928C09116B931DC00661BDA /* en */ = {isa = PBXFileReference; lastKnownFileType = file.storyboard; name = en; path = en.lproj/MainStoryboard_iPad.storyboard; sourceTree = "<group>"; };
		9928C09916B9347300661BDA /* UIAlertViewExampleController.h */ = {isa = PBXFileReference; fileEncoding = 4; lastKnownFileType = sourcecode.c.h; path = UIAlertViewExampleController.h; sourceTree = "<group>"; };
		9928C09A16B9347300661BDA /* UIAlertViewExampleController.m */ = {isa = PBXFileReference; fileEncoding = 4; lastKnownFileType = sourcecode.c.objc; path = UIAlertViewExampleController.m; sourceTree = "<group>"; };
		9928C0AA16B9466900661BDA /* UIActionSheet+iSugar.h */ = {isa = PBXFileReference; fileEncoding = 4; lastKnownFileType = sourcecode.c.h; path = "UIActionSheet+iSugar.h"; sourceTree = "<group>"; };
		9928C0AB16B9466900661BDA /* UIActionSheet+iSugar.m */ = {isa = PBXFileReference; fileEncoding = 4; lastKnownFileType = sourcecode.c.objc; path = "UIActionSheet+iSugar.m"; sourceTree = "<group>"; };
		9928C0AE16B946B300661BDA /* UIActionSheetExampleController.h */ = {isa = PBXFileReference; fileEncoding = 4; lastKnownFileType = sourcecode.c.h; path = UIActionSheetExampleController.h; sourceTree = "<group>"; };
		9928C0AF16B946B300661BDA /* UIActionSheetExampleController.m */ = {isa = PBXFileReference; fileEncoding = 4; lastKnownFileType = sourcecode.c.objc; path = UIActionSheetExampleController.m; sourceTree = "<group>"; };
/* End PBXFileReference section */

/* Begin PBXFrameworksBuildPhase section */
		9928C04116B9319600661BDA /* Frameworks */ = {
			isa = PBXFrameworksBuildPhase;
			buildActionMask = 2147483647;
			files = (
				9928C04816B9319600661BDA /* Foundation.framework in Frameworks */,
			);
			runOnlyForDeploymentPostprocessing = 0;
		};
		9928C05116B9319600661BDA /* Frameworks */ = {
			isa = PBXFrameworksBuildPhase;
			buildActionMask = 2147483647;
			files = (
				9928C05716B9319600661BDA /* SenTestingKit.framework in Frameworks */,
				9928C05916B9319600661BDA /* UIKit.framework in Frameworks */,
				9928C05A16B9319600661BDA /* Foundation.framework in Frameworks */,
				9928C05D16B9319600661BDA /* libiSugar.a in Frameworks */,
			);
			runOnlyForDeploymentPostprocessing = 0;
		};
		9928C07316B931DB00661BDA /* Frameworks */ = {
			isa = PBXFrameworksBuildPhase;
			buildActionMask = 2147483647;
			files = (
				9928C09C16B9347F00661BDA /* libiSugar.a in Frameworks */,
				9928C07716B931DB00661BDA /* UIKit.framework in Frameworks */,
				9928C07816B931DB00661BDA /* Foundation.framework in Frameworks */,
				9928C07A16B931DB00661BDA /* CoreGraphics.framework in Frameworks */,
			);
			runOnlyForDeploymentPostprocessing = 0;
		};
/* End PBXFrameworksBuildPhase section */

/* Begin PBXGroup section */
		9928C03B16B9319600661BDA = {
			isa = PBXGroup;
			children = (
				9928C04916B9319600661BDA /* iSugar */,
				9928C05E16B9319600661BDA /* iSugarTests */,
				9928C07B16B931DB00661BDA /* iSugarExamples */,
				9928C04616B9319600661BDA /* Frameworks */,
				9928C04516B9319600661BDA /* Products */,
			);
			sourceTree = "<group>";
		};
		9928C04516B9319600661BDA /* Products */ = {
			isa = PBXGroup;
			children = (
				9928C04416B9319600661BDA /* libiSugar.a */,
				9928C05516B9319600661BDA /* iSugarTests.octest */,
				9928C07616B931DB00661BDA /* iSugarExamples.app */,
			);
			name = Products;
			sourceTree = "<group>";
		};
		9928C04616B9319600661BDA /* Frameworks */ = {
			isa = PBXGroup;
			children = (
				9928C04716B9319600661BDA /* Foundation.framework */,
				9928C05616B9319600661BDA /* SenTestingKit.framework */,
				9928C05816B9319600661BDA /* UIKit.framework */,
				9928C07916B931DB00661BDA /* CoreGraphics.framework */,
			);
			name = Frameworks;
			sourceTree = "<group>";
		};
		9928C04916B9319600661BDA /* iSugar */ = {
			isa = PBXGroup;
			children = (
				9928C04C16B9319600661BDA /* iSugar.h */,
				9928C06F16B931AD00661BDA /* UIAlertView+iSugar.h */,
				9928C07016B931AD00661BDA /* UIAlertView+iSugar.m */,
				9928C04A16B9319600661BDA /* Supporting Files */,
				9928C0AA16B9466900661BDA /* UIActionSheet+iSugar.h */,
				9928C0AB16B9466900661BDA /* UIActionSheet+iSugar.m */,
			);
			path = iSugar;
			sourceTree = "<group>";
		};
		9928C04A16B9319600661BDA /* Supporting Files */ = {
			isa = PBXGroup;
			children = (
				9928C04B16B9319600661BDA /* iSugar-Prefix.pch */,
			);
			name = "Supporting Files";
			sourceTree = "<group>";
		};
		9928C05E16B9319600661BDA /* iSugarTests */ = {
			isa = PBXGroup;
			children = (
				9928C06416B9319600661BDA /* iSugarTests.h */,
				9928C06516B9319600661BDA /* iSugarTests.m */,
				9928C05F16B9319600661BDA /* Supporting Files */,
			);
			path = iSugarTests;
			sourceTree = "<group>";
		};
		9928C05F16B9319600661BDA /* Supporting Files */ = {
			isa = PBXGroup;
			children = (
				9928C06016B9319600661BDA /* iSugarTests-Info.plist */,
				9928C06116B9319600661BDA /* InfoPlist.strings */,
			);
			name = "Supporting Files";
			sourceTree = "<group>";
		};
		9928C07B16B931DB00661BDA /* iSugarExamples */ = {
			isa = PBXGroup;
			children = (
				9928C08416B931DB00661BDA /* AppDelegate.h */,
				9928C08516B931DB00661BDA /* AppDelegate.m */,
				9928C08D16B931DC00661BDA /* MainStoryboard_iPhone.storyboard */,
				9928C09016B931DC00661BDA /* MainStoryboard_iPad.storyboard */,
				9928C07C16B931DB00661BDA /* Supporting Files */,
				9928C09916B9347300661BDA /* UIAlertViewExampleController.h */,
				9928C09A16B9347300661BDA /* UIAlertViewExampleController.m */,
				9928C0AE16B946B300661BDA /* UIActionSheetExampleController.h */,
				9928C0AF16B946B300661BDA /* UIActionSheetExampleController.m */,
			);
			path = iSugarExamples;
			sourceTree = "<group>";
		};
		9928C07C16B931DB00661BDA /* Supporting Files */ = {
			isa = PBXGroup;
			children = (
				9928C07D16B931DB00661BDA /* iSugarExamples-Info.plist */,
				9928C07E16B931DB00661BDA /* InfoPlist.strings */,
				9928C08116B931DB00661BDA /* main.m */,
				9928C08316B931DB00661BDA /* iSugarExamples-Prefix.pch */,
				9928C08716B931DB00661BDA /* Default.png */,
				9928C08916B931DB00661BDA /* Default@2x.png */,
				9928C08B16B931DC00661BDA /* Default-568h@2x.png */,
			);
			name = "Supporting Files";
			sourceTree = "<group>";
		};
/* End PBXGroup section */

/* Begin PBXNativeTarget section */
		9928C04316B9319600661BDA /* iSugar */ = {
			isa = PBXNativeTarget;
			buildConfigurationList = 9928C06916B9319600661BDA /* Build configuration list for PBXNativeTarget "iSugar" */;
			buildPhases = (
				9928C04016B9319600661BDA /* Sources */,
				9928C04116B9319600661BDA /* Frameworks */,
				9928C04216B9319600661BDA /* CopyFiles */,
				9928C0A116B939DF00661BDA /* Prepare Framework Script */,
			);
			buildRules = (
			);
			dependencies = (
			);
			name = iSugar;
			productName = iSugar;
			productReference = 9928C04416B9319600661BDA /* libiSugar.a */;
			productType = "com.apple.product-type.library.static";
		};
		9928C05416B9319600661BDA /* iSugarTests */ = {
			isa = PBXNativeTarget;
			buildConfigurationList = 9928C06C16B9319600661BDA /* Build configuration list for PBXNativeTarget "iSugarTests" */;
			buildPhases = (
				9928C05016B9319600661BDA /* Sources */,
				9928C05116B9319600661BDA /* Frameworks */,
				9928C05216B9319600661BDA /* Resources */,
				9928C05316B9319600661BDA /* ShellScript */,
			);
			buildRules = (
			);
			dependencies = (
				9928C05C16B9319600661BDA /* PBXTargetDependency */,
			);
			name = iSugarTests;
			productName = iSugarTests;
			productReference = 9928C05516B9319600661BDA /* iSugarTests.octest */;
			productType = "com.apple.product-type.bundle";
		};
		9928C07516B931DB00661BDA /* iSugarExamples */ = {
			isa = PBXNativeTarget;
			buildConfigurationList = 9928C09616B931DC00661BDA /* Build configuration list for PBXNativeTarget "iSugarExamples" */;
			buildPhases = (
				9928C07216B931DB00661BDA /* Sources */,
				9928C07316B931DB00661BDA /* Frameworks */,
				9928C07416B931DB00661BDA /* Resources */,
			);
			buildRules = (
			);
			dependencies = (
				9928C09E16B9367D00661BDA /* PBXTargetDependency */,
			);
			name = iSugarExamples;
			productName = iSugarExamples;
			productReference = 9928C07616B931DB00661BDA /* iSugarExamples.app */;
			productType = "com.apple.product-type.application";
		};
/* End PBXNativeTarget section */

/* Begin PBXProject section */
		9928C03C16B9319600661BDA /* Project object */ = {
			isa = PBXProject;
			attributes = {
				LastUpgradeCheck = 0460;
				ORGANIZATIONNAME = Cantina;
			};
			buildConfigurationList = 9928C03F16B9319600661BDA /* Build configuration list for PBXProject "iSugar" */;
			compatibilityVersion = "Xcode 3.2";
			developmentRegion = English;
			hasScannedForEncodings = 0;
			knownRegions = (
				en,
			);
			mainGroup = 9928C03B16B9319600661BDA;
			productRefGroup = 9928C04516B9319600661BDA /* Products */;
			projectDirPath = "";
			projectRoot = "";
			targets = (
				9928C04316B9319600661BDA /* iSugar */,
				9928C05416B9319600661BDA /* iSugarTests */,
				9928C07516B931DB00661BDA /* iSugarExamples */,
				9928C0A216B93A0800661BDA /* Framework */,
			);
		};
/* End PBXProject section */

/* Begin PBXResourcesBuildPhase section */
		9928C05216B9319600661BDA /* Resources */ = {
			isa = PBXResourcesBuildPhase;
			buildActionMask = 2147483647;
			files = (
				9928C06316B9319600661BDA /* InfoPlist.strings in Resources */,
			);
			runOnlyForDeploymentPostprocessing = 0;
		};
		9928C07416B931DB00661BDA /* Resources */ = {
			isa = PBXResourcesBuildPhase;
			buildActionMask = 2147483647;
			files = (
				9928C08016B931DB00661BDA /* InfoPlist.strings in Resources */,
				9928C08816B931DB00661BDA /* Default.png in Resources */,
				9928C08A16B931DB00661BDA /* Default@2x.png in Resources */,
				9928C08C16B931DC00661BDA /* Default-568h@2x.png in Resources */,
				9928C08F16B931DC00661BDA /* MainStoryboard_iPhone.storyboard in Resources */,
				9928C09216B931DC00661BDA /* MainStoryboard_iPad.storyboard in Resources */,
			);
			runOnlyForDeploymentPostprocessing = 0;
		};
/* End PBXResourcesBuildPhase section */

/* Begin PBXShellScriptBuildPhase section */
		9928C05316B9319600661BDA /* ShellScript */ = {
			isa = PBXShellScriptBuildPhase;
			buildActionMask = 2147483647;
			files = (
			);
			inputPaths = (
			);
			outputPaths = (
			);
			runOnlyForDeploymentPostprocessing = 0;
			shellPath = /bin/sh;
			shellScript = "# Run the unit tests in this test bundle.\n\"${SYSTEM_DEVELOPER_DIR}/Tools/RunUnitTests\"\n";
		};
		9928C0A116B939DF00661BDA /* Prepare Framework Script */ = {
			isa = PBXShellScriptBuildPhase;
			buildActionMask = 2147483647;
			files = (
			);
			inputPaths = (
			);
			name = "Prepare Framework Script";
			outputPaths = (
			);
			runOnlyForDeploymentPostprocessing = 0;
			shellPath = /bin/sh;
			shellScript = "set -e\n\nmkdir -p \"${BUILT_PRODUCTS_DIR}/${PRODUCT_NAME}.framework/Versions/A/Headers\"\n\n# Link the \"Current\" version to \"A\"\n/bin/ln -sfh A \"${BUILT_PRODUCTS_DIR}/${PRODUCT_NAME}.framework/Versions/Current\"\n/bin/ln -sfh Versions/Current/Headers \"${BUILT_PRODUCTS_DIR}/${PRODUCT_NAME}.framework/Headers\"\n/bin/ln -sfh \"Versions/Current/${PRODUCT_NAME}\" \"${BUILT_PRODUCTS_DIR}/${PRODUCT_NAME}.framework/${PRODUCT_NAME}\"\n\n# The -a ensures that the headers maintain the source modification date so that we don't constantly\n# cause propagating rebuilds of files that import these headers.\n/bin/cp -a \"${TARGET_BUILD_DIR}/include/${PRODUCT_NAME}\" \"${BUILT_PRODUCTS_DIR}/${PRODUCT_NAME}.framework/Versions/A/Headers\"\n\n";
		};
		9928C0A816B93A3000661BDA /* Build Framework Script */ = {
			isa = PBXShellScriptBuildPhase;
			buildActionMask = 2147483647;
			files = (
			);
			inputPaths = (
			);
			name = "Build Framework Script";
			outputPaths = (
			);
			runOnlyForDeploymentPostprocessing = 0;
			shellPath = /bin/sh;
			shellScript = "set -e\nset +u\n# Avoid recursively calling this script.\nif [[ $SF_MASTER_SCRIPT_RUNNING ]]\nthen\nexit 0\nfi\nset -u\nexport SF_MASTER_SCRIPT_RUNNING=1\n\nSF_TARGET_NAME=${PROJECT_NAME}\nSF_EXECUTABLE_PATH=\"lib${SF_TARGET_NAME}.a\"\nSF_WRAPPER_NAME=\"${SF_TARGET_NAME}.framework\"\n\n# The following conditionals come from\n# https://github.com/kstenerud/iOS-Universal-Framework\n\nif [[ \"$SDK_NAME\" =~ ([A-Za-z]+) ]]\nthen\nSF_SDK_PLATFORM=${BASH_REMATCH[1]}\nelse\necho \"Could not find platform name from SDK_NAME: $SDK_NAME\"\nexit 1\nfi\n\nif [[ \"$SDK_NAME\" =~ ([0-9]+.*$) ]]\nthen\nSF_SDK_VERSION=${BASH_REMATCH[1]}\nelse\necho \"Could not find sdk version from SDK_NAME: $SDK_NAME\"\nexit 1\nfi\n\nif [[ \"$SF_SDK_PLATFORM\" = \"iphoneos\" ]]\nthen\nSF_OTHER_PLATFORM=iphonesimulator\nelse\nSF_OTHER_PLATFORM=iphoneos\nfi\n\nif [[ \"$BUILT_PRODUCTS_DIR\" =~ (.*)$SF_SDK_PLATFORM$ ]]\nthen\nSF_OTHER_BUILT_PRODUCTS_DIR=\"${BASH_REMATCH[1]}${SF_OTHER_PLATFORM}\"\nelse\necho \"Could not find platform name from build products directory: $BUILT_PRODUCTS_DIR\"\nexit 1\nfi\n\n# Build the other platform.\nxcodebuild -project \"${PROJECT_FILE_PATH}\" -target \"${TARGET_NAME}\" -configuration \"${CONFIGURATION}\" -sdk ${SF_OTHER_PLATFORM}${SF_SDK_VERSION} BUILD_DIR=\"${BUILD_DIR}\" OBJROOT=\"${OBJROOT}\" BUILD_ROOT=\"${BUILD_ROOT}\" SYMROOT=\"${SYMROOT}\" $ACTION\n\n# Smash the two static libraries into one fat binary and store it in the .framework\nlipo -create \"${BUILT_PRODUCTS_DIR}/${SF_EXECUTABLE_PATH}\" \"${SF_OTHER_BUILT_PRODUCTS_DIR}/${SF_EXECUTABLE_PATH}\" -output \"${BUILT_PRODUCTS_DIR}/${SF_WRAPPER_NAME}/Versions/A/${SF_TARGET_NAME}\"\n\n# Copy the binary to the other architecture folder to have a complete framework in both.\ncp -a \"${BUILT_PRODUCTS_DIR}/${SF_WRAPPER_NAME}/Versions/A/${SF_TARGET_NAME}\" \"${SF_OTHER_BUILT_PRODUCTS_DIR}/${SF_WRAPPER_NAME}/Versions/A/${SF_TARGET_NAME}\"\n\nrsync -a \"${BUILT_PRODUCTS_DIR}/${SF_WRAPPER_NAME}/\" \"${PROJECT_DIR}/${SF_WRAPPER_NAME}/\"\necho \"${BUILT_PRODUCTS_DIR}/${SF_WRAPPER_NAME}/\"";
		};
/* End PBXShellScriptBuildPhase section */

/* Begin PBXSourcesBuildPhase section */
		9928C04016B9319600661BDA /* Sources */ = {
			isa = PBXSourcesBuildPhase;
			buildActionMask = 2147483647;
			files = (
				9928C09F16B9369900661BDA /* UIAlertView+iSugar.m in Sources */,
				9928C0AC16B9466900661BDA /* UIActionSheet+iSugar.m in Sources */,
			);
			runOnlyForDeploymentPostprocessing = 0;
		};
		9928C05016B9319600661BDA /* Sources */ = {
			isa = PBXSourcesBuildPhase;
			buildActionMask = 2147483647;
			files = (
				9928C06616B9319600661BDA /* iSugarTests.m in Sources */,
			);
			runOnlyForDeploymentPostprocessing = 0;
		};
		9928C07216B931DB00661BDA /* Sources */ = {
			isa = PBXSourcesBuildPhase;
			buildActionMask = 2147483647;
			files = (
				9928C08216B931DB00661BDA /* main.m in Sources */,
				9928C08616B931DB00661BDA /* AppDelegate.m in Sources */,
				9928C09B16B9347300661BDA /* UIAlertViewExampleController.m in Sources */,
				9928C0B016B946B300661BDA /* UIActionSheetExampleController.m in Sources */,
			);
			runOnlyForDeploymentPostprocessing = 0;
		};
/* End PBXSourcesBuildPhase section */

/* Begin PBXTargetDependency section */
		9928C05C16B9319600661BDA /* PBXTargetDependency */ = {
			isa = PBXTargetDependency;
			target = 9928C04316B9319600661BDA /* iSugar */;
			targetProxy = 9928C05B16B9319600661BDA /* PBXContainerItemProxy */;
		};
		9928C09E16B9367D00661BDA /* PBXTargetDependency */ = {
			isa = PBXTargetDependency;
			target = 9928C04316B9319600661BDA /* iSugar */;
			targetProxy = 9928C09D16B9367D00661BDA /* PBXContainerItemProxy */;
		};
		9928C0A716B93A1300661BDA /* PBXTargetDependency */ = {
			isa = PBXTargetDependency;
			target = 9928C04316B9319600661BDA /* iSugar */;
			targetProxy = 9928C0A616B93A1300661BDA /* PBXContainerItemProxy */;
		};
/* End PBXTargetDependency section */

/* Begin PBXVariantGroup section */
		9928C06116B9319600661BDA /* InfoPlist.strings */ = {
			isa = PBXVariantGroup;
			children = (
				9928C06216B9319600661BDA /* en */,
			);
			name = InfoPlist.strings;
			sourceTree = "<group>";
		};
		9928C07E16B931DB00661BDA /* InfoPlist.strings */ = {
			isa = PBXVariantGroup;
			children = (
				9928C07F16B931DB00661BDA /* en */,
			);
			name = InfoPlist.strings;
			sourceTree = "<group>";
		};
		9928C08D16B931DC00661BDA /* MainStoryboard_iPhone.storyboard */ = {
			isa = PBXVariantGroup;
			children = (
				9928C08E16B931DC00661BDA /* en */,
			);
			name = MainStoryboard_iPhone.storyboard;
			sourceTree = "<group>";
		};
		9928C09016B931DC00661BDA /* MainStoryboard_iPad.storyboard */ = {
			isa = PBXVariantGroup;
			children = (
				9928C09116B931DC00661BDA /* en */,
			);
			name = MainStoryboard_iPad.storyboard;
			sourceTree = "<group>";
		};
/* End PBXVariantGroup section */

/* Begin XCBuildConfiguration section */
		9928C06716B9319600661BDA /* Debug */ = {
			isa = XCBuildConfiguration;
			buildSettings = {
				ALWAYS_SEARCH_USER_PATHS = NO;
				CLANG_CXX_LANGUAGE_STANDARD = "gnu++0x";
				CLANG_CXX_LIBRARY = "libc++";
				CLANG_ENABLE_OBJC_ARC = YES;
				CLANG_WARN_CONSTANT_CONVERSION = YES;
				CLANG_WARN_EMPTY_BODY = YES;
				CLANG_WARN_ENUM_CONVERSION = YES;
				CLANG_WARN_INT_CONVERSION = YES;
				CLANG_WARN__DUPLICATE_METHOD_MATCH = YES;
				COPY_PHASE_STRIP = NO;
				DEAD_CODE_STRIPPING = NO;
				GCC_C_LANGUAGE_STANDARD = gnu99;
				GCC_DYNAMIC_NO_PIC = NO;
				GCC_OPTIMIZATION_LEVEL = 0;
				GCC_PREPROCESSOR_DEFINITIONS = (
					"DEBUG=1",
					"$(inherited)",
				);
				GCC_SYMBOLS_PRIVATE_EXTERN = NO;
				GCC_WARN_ABOUT_RETURN_TYPE = YES;
				GCC_WARN_UNINITIALIZED_AUTOS = YES;
				GCC_WARN_UNUSED_VARIABLE = YES;
				IPHONEOS_DEPLOYMENT_TARGET = 6.1;
				ONLY_ACTIVE_ARCH = YES;
				OTHER_LDFLAGS = (
					"-ObjC",
					"-all_load",
				);
				SDKROOT = iphoneos;
				STRIP_STYLE = "non-global";
			};
			name = Debug;
		};
		9928C06816B9319600661BDA /* Release */ = {
			isa = XCBuildConfiguration;
			buildSettings = {
				ALWAYS_SEARCH_USER_PATHS = NO;
				CLANG_CXX_LANGUAGE_STANDARD = "gnu++0x";
				CLANG_CXX_LIBRARY = "libc++";
				CLANG_ENABLE_OBJC_ARC = YES;
				CLANG_WARN_CONSTANT_CONVERSION = YES;
				CLANG_WARN_EMPTY_BODY = YES;
				CLANG_WARN_ENUM_CONVERSION = YES;
				CLANG_WARN_INT_CONVERSION = YES;
				CLANG_WARN__DUPLICATE_METHOD_MATCH = YES;
				COPY_PHASE_STRIP = NO;
				DEAD_CODE_STRIPPING = NO;
				GCC_C_LANGUAGE_STANDARD = gnu99;
				GCC_WARN_ABOUT_RETURN_TYPE = YES;
				GCC_WARN_UNINITIALIZED_AUTOS = YES;
				GCC_WARN_UNUSED_VARIABLE = YES;
				IPHONEOS_DEPLOYMENT_TARGET = 6.1;
				OTHER_LDFLAGS = (
					"-ObjC",
					"-all_load",
				);
				SDKROOT = iphoneos;
				STRIP_STYLE = "non-global";
				VALIDATE_PRODUCT = YES;
			};
			name = Release;
		};
		9928C06A16B9319600661BDA /* Debug */ = {
			isa = XCBuildConfiguration;
			buildSettings = {
				DSTROOT = /tmp/iSugar.dst;
				GCC_PRECOMPILE_PREFIX_HEADER = YES;
				GCC_PREFIX_HEADER = "iSugar/iSugar-Prefix.pch";
				OTHER_LDFLAGS = "-ObjC";
				PRODUCT_NAME = "$(TARGET_NAME)";
				SKIP_INSTALL = YES;
			};
			name = Debug;
		};
		9928C06B16B9319600661BDA /* Release */ = {
			isa = XCBuildConfiguration;
			buildSettings = {
				DSTROOT = /tmp/iSugar.dst;
				GCC_PRECOMPILE_PREFIX_HEADER = YES;
				GCC_PREFIX_HEADER = "iSugar/iSugar-Prefix.pch";
				OTHER_LDFLAGS = "-ObjC";
				PRODUCT_NAME = "$(TARGET_NAME)";
				SKIP_INSTALL = YES;
			};
			name = Release;
		};
		9928C06D16B9319600661BDA /* Debug */ = {
			isa = XCBuildConfiguration;
			buildSettings = {
				BUNDLE_LOADER = "$(BUILT_PRODUCTS_DIR)/iSugarExamples.app/iSugarExamples";
				FRAMEWORK_SEARCH_PATHS = (
					"\"$(SDKROOT)/Developer/Library/Frameworks\"",
					"\"$(DEVELOPER_LIBRARY_DIR)/Frameworks\"",
				);
				GCC_PRECOMPILE_PREFIX_HEADER = YES;
				GCC_PREFIX_HEADER = "iSugar/iSugar-Prefix.pch";
				INFOPLIST_FILE = "iSugarTests/iSugarTests-Info.plist";
				PRODUCT_NAME = "$(TARGET_NAME)";
				TEST_HOST = "$(BUNDLE_LOADER)";
				WRAPPER_EXTENSION = octest;
			};
			name = Debug;
		};
		9928C06E16B9319600661BDA /* Release */ = {
			isa = XCBuildConfiguration;
			buildSettings = {
				BUNDLE_LOADER = "$(BUILT_PRODUCTS_DIR)/iSugarExamples.app/iSugarExamples";
				FRAMEWORK_SEARCH_PATHS = (
					"\"$(SDKROOT)/Developer/Library/Frameworks\"",
					"\"$(DEVELOPER_LIBRARY_DIR)/Frameworks\"",
				);
				GCC_PRECOMPILE_PREFIX_HEADER = YES;
				GCC_PREFIX_HEADER = "iSugar/iSugar-Prefix.pch";
				INFOPLIST_FILE = "iSugarTests/iSugarTests-Info.plist";
				PRODUCT_NAME = "$(TARGET_NAME)";
				TEST_HOST = "$(BUNDLE_LOADER)";
				WRAPPER_EXTENSION = octest;
			};
			name = Release;
		};
		9928C09716B931DC00661BDA /* Debug */ = {
			isa = XCBuildConfiguration;
			buildSettings = {
				"CODE_SIGN_IDENTITY[sdk=iphoneos*]" = "iPhone Developer";
				FRAMEWORK_SEARCH_PATHS = (
					"$(inherited)",
					"\"$(SYSTEM_APPS_DIR)/Xcode.app/Contents/Developer/Library/Frameworks\"",
				);
				GCC_PRECOMPILE_PREFIX_HEADER = YES;
				GCC_PREFIX_HEADER = "iSugarExamples/iSugarExamples-Prefix.pch";
				INFOPLIST_FILE = "iSugarExamples/iSugarExamples-Info.plist";
				PRODUCT_NAME = "$(TARGET_NAME)";
				TARGETED_DEVICE_FAMILY = "1,2";
				WRAPPER_EXTENSION = app;
			};
			name = Debug;
		};
		9928C09816B931DC00661BDA /* Release */ = {
			isa = XCBuildConfiguration;
			buildSettings = {
				"CODE_SIGN_IDENTITY[sdk=iphoneos*]" = "iPhone Developer";
				FRAMEWORK_SEARCH_PATHS = (
					"$(inherited)",
					"\"$(SYSTEM_APPS_DIR)/Xcode.app/Contents/Developer/Library/Frameworks\"",
				);
				GCC_PRECOMPILE_PREFIX_HEADER = YES;
				GCC_PREFIX_HEADER = "iSugarExamples/iSugarExamples-Prefix.pch";
				INFOPLIST_FILE = "iSugarExamples/iSugarExamples-Info.plist";
				OTHER_CFLAGS = "-DNS_BLOCK_ASSERTIONS=1";
				PRODUCT_NAME = "$(TARGET_NAME)";
				TARGETED_DEVICE_FAMILY = "1,2";
				WRAPPER_EXTENSION = app;
			};
			name = Release;
		};
		9928C0A416B93A0800661BDA /* Debug */ = {
			isa = XCBuildConfiguration;
			buildSettings = {
				PRODUCT_NAME = "$(TARGET_NAME)";
			};
			name = Debug;
		};
		9928C0A516B93A0800661BDA /* Release */ = {
			isa = XCBuildConfiguration;
			buildSettings = {
				PRODUCT_NAME = "$(TARGET_NAME)";
			};
			name = Release;
		};
/* End XCBuildConfiguration section */

/* Begin XCConfigurationList section */
		9928C03F16B9319600661BDA /* Build configuration list for PBXProject "iSugar" */ = {
			isa = XCConfigurationList;
			buildConfigurations = (
				9928C06716B9319600661BDA /* Debug */,
				9928C06816B9319600661BDA /* Release */,
			);
			defaultConfigurationIsVisible = 0;
			defaultConfigurationName = Release;
		};
		9928C06916B9319600661BDA /* Build configuration list for PBXNativeTarget "iSugar" */ = {
			isa = XCConfigurationList;
			buildConfigurations = (
				9928C06A16B9319600661BDA /* Debug */,
				9928C06B16B9319600661BDA /* Release */,
			);
			defaultConfigurationIsVisible = 0;
			defaultConfigurationName = Release;
		};
		9928C06C16B9319600661BDA /* Build configuration list for PBXNativeTarget "iSugarTests" */ = {
			isa = XCConfigurationList;
			buildConfigurations = (
				9928C06D16B9319600661BDA /* Debug */,
				9928C06E16B9319600661BDA /* Release */,
			);
			defaultConfigurationIsVisible = 0;
			defaultConfigurationName = Release;
		};
		9928C09616B931DC00661BDA /* Build configuration list for PBXNativeTarget "iSugarExamples" */ = {
			isa = XCConfigurationList;
			buildConfigurations = (
				9928C09716B931DC00661BDA /* Debug */,
				9928C09816B931DC00661BDA /* Release */,
			);
			defaultConfigurationIsVisible = 0;
			defaultConfigurationName = Release;
		};
		9928C0A316B93A0800661BDA /* Build configuration list for PBXAggregateTarget "Framework" */ = {
			isa = XCConfigurationList;
			buildConfigurations = (
				9928C0A416B93A0800661BDA /* Debug */,
				9928C0A516B93A0800661BDA /* Release */,
			);
			defaultConfigurationIsVisible = 0;
			defaultConfigurationName = Release;
		};
/* End XCConfigurationList section */
	};
	rootObject = 9928C03C16B9319600661BDA /* Project object */;
}
